
Microsoft Visual Studio Solution File, Format Version 12.00
# Visual Studio Version 17
VisualStudioVersion = 17.0.31903.59
MinimumVisualStudioVersion = 10.0.40219.1
Project("{FAE04EC0-301F-11D3-BF4B-00C04F79EFBC}") = "MyKUIPi", "MyKUIPi\MyKUIPi.csproj", "{100287DC-48E1-4116-9E44-3617EF576472}"
EndProject
Project("{FAE04EC0-301F-11D3-BF4B-00C04F79EFBC}") = "MyKUIPi.Sample", "MyKUIPi.Sample\MyKUIPi.Sample.csproj", "{1781FA13-46C3-45C0-B0DD-A0E7A5E8BF71}"
EndProject
Global
	GlobalSection(SolutionConfigurationPlatforms) = preSolution
		Debug|Any CPU = Debug|Any CPU
		Release|Any CPU = Release|Any CPU
	EndGlobalSection
	GlobalSection(SolutionProperties) = preSolution
		HideSolutionNode = FALSE
	EndGlobalSection
	GlobalSection(ProjectConfigurationPlatforms) = postSolution
		{100287DC-48E1-4116-9E44-3617EF576472}.Debug|Any CPU.ActiveCfg = Debug|Any CPU
		{100287DC-48E1-4116-9E44-3617EF576472}.Debug|Any CPU.Build.0 = Debug|Any CPU
		{100287DC-48E1-4116-9E44-3617EF576472}.Release|Any CPU.ActiveCfg = Release|Any CPU
		{100287DC-48E1-4116-9E44-3617EF576472}.Release|Any CPU.Build.0 = Release|Any CPU
		{1781FA13-46C3-45C0-B0DD-A0E7A5E8BF71}.Debug|Any CPU.ActiveCfg = Debug|Any CPU
		{1781FA13-46C3-45C0-B0DD-A0E7A5E8BF71}.Debug|Any CPU.Build.0 = Debug|Any CPU
		{1781FA13-46C3-45C0-B0DD-A0E7A5E8BF71}.Release|Any CPU.ActiveCfg = Release|Any CPU
		{1781FA13-46C3-45C0-B0DD-A0E7A5E8BF71}.Release|Any CPU.Build.0 = Release|Any CPU
	EndGlobalSection
EndGlobal
